// !$*UTF8*$!
{
	archiveVersion = 1;
	classes = {
	};
	objectVersion = 46;
	objects = {

/* Begin PBXBuildFile section */
		A20C87361EF73CE800732DB6 /* Utility.cpp in Sources */ = {isa = PBXBuildFile; fileRef = A20C87341EF73CE800732DB6 /* Utility.cpp */; };
		A20C87391EF7465E00732DB6 /* Vec3D.cpp in Sources */ = {isa = PBXBuildFile; fileRef = A20C87371EF7465E00732DB6 /* Vec3D.cpp */; };
		A20C873C1EF74EA100732DB6 /* Color.cpp in Sources */ = {isa = PBXBuildFile; fileRef = A20C873A1EF74EA100732DB6 /* Color.cpp */; };
		A20C873F1EF754E000732DB6 /* ImageIO.cpp in Sources */ = {isa = PBXBuildFile; fileRef = A20C873D1EF754E000732DB6 /* ImageIO.cpp */; };
		A20C87421EF7572C00732DB6 /* Canvas.cpp in Sources */ = {isa = PBXBuildFile; fileRef = A20C87401EF7572C00732DB6 /* Canvas.cpp */; };
		A20C87451EF75B0000732DB6 /* Texture.cpp in Sources */ = {isa = PBXBuildFile; fileRef = A20C87431EF75B0000732DB6 /* Texture.cpp */; };
		A20C87481EF763EC00732DB6 /* BBox.cpp in Sources */ = {isa = PBXBuildFile; fileRef = A20C87461EF763EC00732DB6 /* BBox.cpp */; };
		A20C874B1EF765D700732DB6 /* Ray.cpp in Sources */ = {isa = PBXBuildFile; fileRef = A20C87491EF765D700732DB6 /* Ray.cpp */; };
		A20C874E1EF7690800732DB6 /* BVH.cpp in Sources */ = {isa = PBXBuildFile; fileRef = A20C874C1EF7690800732DB6 /* BVH.cpp */; };
		A20C87511EF769F700732DB6 /* Object.cpp in Sources */ = {isa = PBXBuildFile; fileRef = A20C874F1EF769F700732DB6 /* Object.cpp */; };
		A20C87541EF76A4000732DB6 /* HitRecord.cpp in Sources */ = {isa = PBXBuildFile; fileRef = A20C87521EF76A4000732DB6 /* HitRecord.cpp */; };
		A20C875A1EF7773F00732DB6 /* Sphere.cpp in Sources */ = {isa = PBXBuildFile; fileRef = A20C87581EF7773F00732DB6 /* Sphere.cpp */; };
		A20C875D1EF7777800732DB6 /* Material.cpp in Sources */ = {isa = PBXBuildFile; fileRef = A20C875B1EF7777800732DB6 /* Material.cpp */; };
		A20C87601EF77A4300732DB6 /* Camera.cpp in Sources */ = {isa = PBXBuildFile; fileRef = A20C875E1EF77A4300732DB6 /* Camera.cpp */; };
		A20C87661EF96B5700732DB6 /* Light.cpp in Sources */ = {isa = PBXBuildFile; fileRef = A20C87641EF96B5700732DB6 /* Light.cpp */; };
		A20C87691EF96FB900732DB6 /* Rectangle.cpp in Sources */ = {isa = PBXBuildFile; fileRef = A20C87671EF96FB900732DB6 /* Rectangle.cpp */; };
		A20C876C1EF9955F00732DB6 /* Cube.cpp in Sources */ = {isa = PBXBuildFile; fileRef = A20C876A1EF9955F00732DB6 /* Cube.cpp */; };
		A20C87721EFAC8A300732DB6 /* BezierCurve.cpp in Sources */ = {isa = PBXBuildFile; fileRef = A20C87701EFAC8A300732DB6 /* BezierCurve.cpp */; };
		A20C87751EFADA5E00732DB6 /* BezierModel.cpp in Sources */ = {isa = PBXBuildFile; fileRef = A20C87731EFADA5E00732DB6 /* BezierModel.cpp */; };
		A2FD95251EF48EE7000F01FF /* main.cpp in Sources */ = {isa = PBXBuildFile; fileRef = A2FD95241EF48EE7000F01FF /* main.cpp */; };
/* End PBXBuildFile section */

/* Begin PBXCopyFilesBuildPhase section */
		A2FD95181EF48E99000F01FF /* CopyFiles */ = {
			isa = PBXCopyFilesBuildPhase;
			buildActionMask = 2147483647;
			dstPath = /usr/share/man/man1/;
			dstSubfolderSpec = 0;
			files = (
			);
			runOnlyForDeploymentPostprocessing = 1;
		};
/* End PBXCopyFilesBuildPhase section */

/* Begin PBXFileReference section */
		A20C87341EF73CE800732DB6 /* Utility.cpp */ = {isa = PBXFileReference; fileEncoding = 4; lastKnownFileType = sourcecode.cpp.cpp; path = Utility.cpp; sourceTree = "<group>"; };
		A20C87351EF73CE800732DB6 /* Utility.hpp */ = {isa = PBXFileReference; fileEncoding = 4; lastKnownFileType = sourcecode.cpp.h; path = Utility.hpp; sourceTree = "<group>"; };
		A20C87371EF7465E00732DB6 /* Vec3D.cpp */ = {isa = PBXFileReference; fileEncoding = 4; lastKnownFileType = sourcecode.cpp.cpp; path = Vec3D.cpp; sourceTree = "<group>"; };
		A20C87381EF7465E00732DB6 /* Vec3D.hpp */ = {isa = PBXFileReference; fileEncoding = 4; lastKnownFileType = sourcecode.cpp.h; path = Vec3D.hpp; sourceTree = "<group>"; };
		A20C873A1EF74EA100732DB6 /* Color.cpp */ = {isa = PBXFileReference; fileEncoding = 4; lastKnownFileType = sourcecode.cpp.cpp; path = Color.cpp; sourceTree = "<group>"; };
		A20C873B1EF74EA100732DB6 /* Color.hpp */ = {isa = PBXFileReference; fileEncoding = 4; lastKnownFileType = sourcecode.cpp.h; path = Color.hpp; sourceTree = "<group>"; };
		A20C873D1EF754E000732DB6 /* ImageIO.cpp */ = {isa = PBXFileReference; fileEncoding = 4; lastKnownFileType = sourcecode.cpp.cpp; path = ImageIO.cpp; sourceTree = "<group>"; };
		A20C873E1EF754E000732DB6 /* ImageIO.hpp */ = {isa = PBXFileReference; fileEncoding = 4; lastKnownFileType = sourcecode.cpp.h; path = ImageIO.hpp; sourceTree = "<group>"; };
		A20C87401EF7572C00732DB6 /* Canvas.cpp */ = {isa = PBXFileReference; fileEncoding = 4; lastKnownFileType = sourcecode.cpp.cpp; path = Canvas.cpp; sourceTree = "<group>"; };
		A20C87411EF7572C00732DB6 /* Canvas.hpp */ = {isa = PBXFileReference; fileEncoding = 4; lastKnownFileType = sourcecode.cpp.h; path = Canvas.hpp; sourceTree = "<group>"; };
		A20C87431EF75B0000732DB6 /* Texture.cpp */ = {isa = PBXFileReference; fileEncoding = 4; lastKnownFileType = sourcecode.cpp.cpp; path = Texture.cpp; sourceTree = "<group>"; };
		A20C87441EF75B0000732DB6 /* Texture.hpp */ = {isa = PBXFileReference; fileEncoding = 4; lastKnownFileType = sourcecode.cpp.h; path = Texture.hpp; sourceTree = "<group>"; };
		A20C87461EF763EC00732DB6 /* BBox.cpp */ = {isa = PBXFileReference; fileEncoding = 4; lastKnownFileType = sourcecode.cpp.cpp; path = BBox.cpp; sourceTree = "<group>"; };
		A20C87471EF763EC00732DB6 /* BBox.hpp */ = {isa = PBXFileReference; fileEncoding = 4; lastKnownFileType = sourcecode.cpp.h; path = BBox.hpp; sourceTree = "<group>"; };
		A20C87491EF765D700732DB6 /* Ray.cpp */ = {isa = PBXFileReference; fileEncoding = 4; lastKnownFileType = sourcecode.cpp.cpp; path = Ray.cpp; sourceTree = "<group>"; };
		A20C874A1EF765D700732DB6 /* Ray.hpp */ = {isa = PBXFileReference; fileEncoding = 4; lastKnownFileType = sourcecode.cpp.h; path = Ray.hpp; sourceTree = "<group>"; };
		A20C874C1EF7690800732DB6 /* BVH.cpp */ = {isa = PBXFileReference; fileEncoding = 4; lastKnownFileType = sourcecode.cpp.cpp; path = BVH.cpp; sourceTree = "<group>"; };
		A20C874D1EF7690800732DB6 /* BVH.hpp */ = {isa = PBXFileReference; fileEncoding = 4; lastKnownFileType = sourcecode.cpp.h; path = BVH.hpp; sourceTree = "<group>"; };
		A20C874F1EF769F700732DB6 /* Object.cpp */ = {isa = PBXFileReference; fileEncoding = 4; lastKnownFileType = sourcecode.cpp.cpp; path = Object.cpp; sourceTree = "<group>"; };
		A20C87501EF769F700732DB6 /* Object.hpp */ = {isa = PBXFileReference; fileEncoding = 4; lastKnownFileType = sourcecode.cpp.h; path = Object.hpp; sourceTree = "<group>"; };
		A20C87521EF76A4000732DB6 /* HitRecord.cpp */ = {isa = PBXFileReference; fileEncoding = 4; lastKnownFileType = sourcecode.cpp.cpp; path = HitRecord.cpp; sourceTree = "<group>"; };
		A20C87531EF76A4000732DB6 /* HitRecord.hpp */ = {isa = PBXFileReference; fileEncoding = 4; lastKnownFileType = sourcecode.cpp.h; path = HitRecord.hpp; sourceTree = "<group>"; };
		A20C87581EF7773F00732DB6 /* Sphere.cpp */ = {isa = PBXFileReference; fileEncoding = 4; lastKnownFileType = sourcecode.cpp.cpp; path = Sphere.cpp; sourceTree = "<group>"; };
		A20C87591EF7773F00732DB6 /* Sphere.hpp */ = {isa = PBXFileReference; fileEncoding = 4; lastKnownFileType = sourcecode.cpp.h; path = Sphere.hpp; sourceTree = "<group>"; };
		A20C875B1EF7777800732DB6 /* Material.cpp */ = {isa = PBXFileReference; fileEncoding = 4; lastKnownFileType = sourcecode.cpp.cpp; path = Material.cpp; sourceTree = "<group>"; };
		A20C875C1EF7777800732DB6 /* Material.hpp */ = {isa = PBXFileReference; fileEncoding = 4; lastKnownFileType = sourcecode.cpp.h; path = Material.hpp; sourceTree = "<group>"; };
		A20C875E1EF77A4300732DB6 /* Camera.cpp */ = {isa = PBXFileReference; fileEncoding = 4; lastKnownFileType = sourcecode.cpp.cpp; path = Camera.cpp; sourceTree = "<group>"; };
		A20C875F1EF77A4300732DB6 /* Camera.hpp */ = {isa = PBXFileReference; fileEncoding = 4; lastKnownFileType = sourcecode.cpp.h; path = Camera.hpp; sourceTree = "<group>"; };
		A20C87641EF96B5700732DB6 /* Light.cpp */ = {isa = PBXFileReference; fileEncoding = 4; lastKnownFileType = sourcecode.cpp.cpp; path = Light.cpp; sourceTree = "<group>"; };
		A20C87651EF96B5700732DB6 /* Light.hpp */ = {isa = PBXFileReference; fileEncoding = 4; lastKnownFileType = sourcecode.cpp.h; path = Light.hpp; sourceTree = "<group>"; };
		A20C87671EF96FB900732DB6 /* Rectangle.cpp */ = {isa = PBXFileReference; fileEncoding = 4; lastKnownFileType = sourcecode.cpp.cpp; path = Rectangle.cpp; sourceTree = "<group>"; };
		A20C87681EF96FB900732DB6 /* Rectangle.hpp */ = {isa = PBXFileReference; fileEncoding = 4; lastKnownFileType = sourcecode.cpp.h; path = Rectangle.hpp; sourceTree = "<group>"; };
		A20C876A1EF9955F00732DB6 /* Cube.cpp */ = {isa = PBXFileReference; fileEncoding = 4; lastKnownFileType = sourcecode.cpp.cpp; path = Cube.cpp; sourceTree = "<group>"; };
		A20C876B1EF9955F00732DB6 /* Cube.hpp */ = {isa = PBXFileReference; fileEncoding = 4; lastKnownFileType = sourcecode.cpp.h; path = Cube.hpp; sourceTree = "<group>"; };
		A20C87701EFAC8A300732DB6 /* BezierCurve.cpp */ = {isa = PBXFileReference; fileEncoding = 4; lastKnownFileType = sourcecode.cpp.cpp; path = BezierCurve.cpp; sourceTree = "<group>"; };
		A20C87711EFAC8A300732DB6 /* BezierCurve.hpp */ = {isa = PBXFileReference; fileEncoding = 4; lastKnownFileType = sourcecode.cpp.h; path = BezierCurve.hpp; sourceTree = "<group>"; };
		A20C87731EFADA5E00732DB6 /* BezierModel.cpp */ = {isa = PBXFileReference; fileEncoding = 4; lastKnownFileType = sourcecode.cpp.cpp; path = BezierModel.cpp; sourceTree = "<group>"; };
		A20C87741EFADA5E00732DB6 /* BezierModel.hpp */ = {isa = PBXFileReference; fileEncoding = 4; lastKnownFileType = sourcecode.cpp.h; path = BezierModel.hpp; sourceTree = "<group>"; };
		A2FD951A1EF48E99000F01FF /* Papaya */ = {isa = PBXFileReference; explicitFileType = "compiled.mach-o.executable"; includeInIndex = 0; path = Papaya; sourceTree = BUILT_PRODUCTS_DIR; };
		A2FD95241EF48EE7000F01FF /* main.cpp */ = {isa = PBXFileReference; fileEncoding = 4; lastKnownFileType = sourcecode.cpp.cpp; path = main.cpp; sourceTree = "<group>"; };
/* End PBXFileReference section */

/* Begin PBXFrameworksBuildPhase section */
		A2FD95171EF48E99000F01FF /* Frameworks */ = {
			isa = PBXFrameworksBuildPhase;
			buildActionMask = 2147483647;
			files = (
			);
			runOnlyForDeploymentPostprocessing = 0;
		};
/* End PBXFrameworksBuildPhase section */

/* Begin PBXGroup section */
		A2FD95111EF48E99000F01FF = {
			isa = PBXGroup;
			children = (
				A2FD951C1EF48E99000F01FF /* Papaya */,
				A2FD951B1EF48E99000F01FF /* Products */,
			);
			sourceTree = "<group>";
		};
		A2FD951B1EF48E99000F01FF /* Products */ = {
			isa = PBXGroup;
			children = (
				A2FD951A1EF48E99000F01FF /* Papaya */,
			);
			name = Products;
			path = build;
			sourceTree = "<group>";
		};
		A2FD951C1EF48E99000F01FF /* Papaya */ = {
			isa = PBXGroup;
			children = (
				A2FD95241EF48EE7000F01FF /* main.cpp */,
				A20C876B1EF9955F00732DB6 /* Cube.hpp */,
				A20C876A1EF9955F00732DB6 /* Cube.cpp */,
				A20C87651EF96B5700732DB6 /* Light.hpp */,
				A20C87641EF96B5700732DB6 /* Light.cpp */,
				A20C87381EF7465E00732DB6 /* Vec3D.hpp */,
				A20C87371EF7465E00732DB6 /* Vec3D.cpp */,
				A20C87351EF73CE800732DB6 /* Utility.hpp */,
				A20C87341EF73CE800732DB6 /* Utility.cpp */,
				A20C873E1EF754E000732DB6 /* ImageIO.hpp */,
				A20C873D1EF754E000732DB6 /* ImageIO.cpp */,
				A20C873B1EF74EA100732DB6 /* Color.hpp */,
				A20C873A1EF74EA100732DB6 /* Color.cpp */,
				A20C874A1EF765D700732DB6 /* Ray.hpp */,
				A20C87491EF765D700732DB6 /* Ray.cpp */,
				A20C87411EF7572C00732DB6 /* Canvas.hpp */,
				A20C87401EF7572C00732DB6 /* Canvas.cpp */,
				A20C875F1EF77A4300732DB6 /* Camera.hpp */,
				A20C875E1EF77A4300732DB6 /* Camera.cpp */,
				A20C874D1EF7690800732DB6 /* BVH.hpp */,
				A20C874C1EF7690800732DB6 /* BVH.cpp */,
				A20C87471EF763EC00732DB6 /* BBox.hpp */,
				A20C87461EF763EC00732DB6 /* BBox.cpp */,
				A20C87591EF7773F00732DB6 /* Sphere.hpp */,
				A20C87581EF7773F00732DB6 /* Sphere.cpp */,
				A20C87681EF96FB900732DB6 /* Rectangle.hpp */,
				A20C87671EF96FB900732DB6 /* Rectangle.cpp */,
				A20C87531EF76A4000732DB6 /* HitRecord.hpp */,
				A20C87521EF76A4000732DB6 /* HitRecord.cpp */,
				A20C875C1EF7777800732DB6 /* Material.hpp */,
				A20C875B1EF7777800732DB6 /* Material.cpp */,
				A20C87441EF75B0000732DB6 /* Texture.hpp */,
				A20C87431EF75B0000732DB6 /* Texture.cpp */,
				A20C87501EF769F700732DB6 /* Object.hpp */,
				A20C874F1EF769F700732DB6 /* Object.cpp */,
				A20C87741EFADA5E00732DB6 /* BezierModel.hpp */,
				A20C87731EFADA5E00732DB6 /* BezierModel.cpp */,
				A20C87711EFAC8A300732DB6 /* BezierCurve.hpp */,
				A20C87701EFAC8A300732DB6 /* BezierCurve.cpp */,
			);
			name = Papaya;
			path = ../Sources;
			sourceTree = "<group>";
		};
/* End PBXGroup section */

/* Begin PBXNativeTarget section */
		A2FD95191EF48E99000F01FF /* Papaya */ = {
			isa = PBXNativeTarget;
			buildConfigurationList = A2FD95211EF48E99000F01FF /* Build configuration list for PBXNativeTarget "Papaya" */;
			buildPhases = (
				A2FD95161EF48E99000F01FF /* Sources */,
				A2FD95171EF48E99000F01FF /* Frameworks */,
				A2FD95181EF48E99000F01FF /* CopyFiles */,
			);
			buildRules = (
			);
			dependencies = (
			);
			name = Papaya;
			productName = Papaya;
			productReference = A2FD951A1EF48E99000F01FF /* Papaya */;
			productType = "com.apple.product-type.tool";
		};
/* End PBXNativeTarget section */

/* Begin PBXProject section */
		A2FD95121EF48E99000F01FF /* Project object */ = {
			isa = PBXProject;
			attributes = {
				LastUpgradeCheck = 0830;
				ORGANIZATIONNAME = "Guo Chen";
				TargetAttributes = {
					A2FD95191EF48E99000F01FF = {
						CreatedOnToolsVersion = 8.3;
						ProvisioningStyle = Automatic;
					};
				};
			};
			buildConfigurationList = A2FD95151EF48E99000F01FF /* Build configuration list for PBXProject "Papaya" */;
			compatibilityVersion = "Xcode 3.2";
			developmentRegion = English;
			hasScannedForEncodings = 0;
			knownRegions = (
				en,
			);
			mainGroup = A2FD95111EF48E99000F01FF;
			productRefGroup = A2FD951B1EF48E99000F01FF /* Products */;
			projectDirPath = "";
			projectRoot = "";
			targets = (
				A2FD95191EF48E99000F01FF /* Papaya */,
			);
		};
/* End PBXProject section */

/* Begin PBXSourcesBuildPhase section */
		A2FD95161EF48E99000F01FF /* Sources */ = {
			isa = PBXSourcesBuildPhase;
			buildActionMask = 2147483647;
			files = (
				A20C876C1EF9955F00732DB6 /* Cube.cpp in Sources */,
				A20C874B1EF765D700732DB6 /* Ray.cpp in Sources */,
				A20C87751EFADA5E00732DB6 /* BezierModel.cpp in Sources */,
				A20C87361EF73CE800732DB6 /* Utility.cpp in Sources */,
				A20C87661EF96B5700732DB6 /* Light.cpp in Sources */,
				A20C87511EF769F700732DB6 /* Object.cpp in Sources */,
				A20C87601EF77A4300732DB6 /* Camera.cpp in Sources */,
				A20C875A1EF7773F00732DB6 /* Sphere.cpp in Sources */,
				A20C874E1EF7690800732DB6 /* BVH.cpp in Sources */,
				A20C87481EF763EC00732DB6 /* BBox.cpp in Sources */,
				A20C87451EF75B0000732DB6 /* Texture.cpp in Sources */,
				A20C875D1EF7777800732DB6 /* Material.cpp in Sources */,
				A20C873C1EF74EA100732DB6 /* Color.cpp in Sources */,
				A2FD95251EF48EE7000F01FF /* main.cpp in Sources */,
				A20C873F1EF754E000732DB6 /* ImageIO.cpp in Sources */,
				A20C87691EF96FB900732DB6 /* Rectangle.cpp in Sources */,
				A20C87391EF7465E00732DB6 /* Vec3D.cpp in Sources */,
				A20C87721EFAC8A300732DB6 /* BezierCurve.cpp in Sources */,
				A20C87541EF76A4000732DB6 /* HitRecord.cpp in Sources */,
				A20C87421EF7572C00732DB6 /* Canvas.cpp in Sources */,
			);
			runOnlyForDeploymentPostprocessing = 0;
		};
/* End PBXSourcesBuildPhase section */

/* Begin XCBuildConfiguration section */
		A2FD951F1EF48E99000F01FF /* Debug */ = {
			isa = XCBuildConfiguration;
			buildSettings = {
				ALWAYS_SEARCH_USER_PATHS = NO;
				CLANG_ANALYZER_NONNULL = YES;
				CLANG_ANALYZER_NUMBER_OBJECT_CONVERSION = YES_AGGRESSIVE;
				CLANG_CXX_LANGUAGE_STANDARD = "gnu++0x";
				CLANG_CXX_LIBRARY = "libc++";
				CLANG_ENABLE_MODULES = YES;
				CLANG_ENABLE_OBJC_ARC = YES;
				CLANG_WARN_BOOL_CONVERSION = YES;
				CLANG_WARN_CONSTANT_CONVERSION = YES;
				CLANG_WARN_DIRECT_OBJC_ISA_USAGE = YES_ERROR;
				CLANG_WARN_DOCUMENTATION_COMMENTS = YES;
				CLANG_WARN_EMPTY_BODY = YES;
				CLANG_WARN_ENUM_CONVERSION = YES;
				CLANG_WARN_INFINITE_RECURSION = YES;
				CLANG_WARN_INT_CONVERSION = YES;
				CLANG_WARN_OBJC_ROOT_CLASS = YES_ERROR;
				CLANG_WARN_SUSPICIOUS_MOVE = YES;
				CLANG_WARN_UNREACHABLE_CODE = YES;
				CLANG_WARN__DUPLICATE_METHOD_MATCH = YES;
				CODE_SIGN_IDENTITY = "-";
				COPY_PHASE_STRIP = NO;
				DEBUG_INFORMATION_FORMAT = dwarf;
				ENABLE_STRICT_OBJC_MSGSEND = YES;
				ENABLE_TESTABILITY = YES;
				GCC_C_LANGUAGE_STANDARD = gnu99;
				GCC_DYNAMIC_NO_PIC = NO;
				GCC_NO_COMMON_BLOCKS = YES;
				GCC_OPTIMIZATION_LEVEL = 0;
				GCC_PREPROCESSOR_DEFINITIONS = (
					XCODE,
					"DEBUG=1",
				);
				GCC_WARN_64_TO_32_BIT_CONVERSION = YES;
				GCC_WARN_ABOUT_RETURN_TYPE = YES_ERROR;
				GCC_WARN_UNDECLARED_SELECTOR = YES;
				GCC_WARN_UNINITIALIZED_AUTOS = YES_AGGRESSIVE;
				GCC_WARN_UNUSED_FUNCTION = YES;
				GCC_WARN_UNUSED_VARIABLE = YES;
				HEADER_SEARCH_PATHS = /usr/local/include;
				MACOSX_DEPLOYMENT_TARGET = 10.12;
				MTL_ENABLE_DEBUG_INFO = YES;
				ONLY_ACTIVE_ARCH = YES;
				SDKROOT = macosx;
			};
			name = Debug;
		};
		A2FD95201EF48E99000F01FF /* Release */ = {
			isa = XCBuildConfiguration;
			buildSettings = {
				ALWAYS_SEARCH_USER_PATHS = NO;
				CLANG_ANALYZER_NONNULL = YES;
				CLANG_ANALYZER_NUMBER_OBJECT_CONVERSION = YES_AGGRESSIVE;
				CLANG_CXX_LANGUAGE_STANDARD = "gnu++0x";
				CLANG_CXX_LIBRARY = "libc++";
				CLANG_ENABLE_MODULES = YES;
				CLANG_ENABLE_OBJC_ARC = YES;
				CLANG_WARN_BOOL_CONVERSION = YES;
				CLANG_WARN_CONSTANT_CONVERSION = YES;
				CLANG_WARN_DIRECT_OBJC_ISA_USAGE = YES_ERROR;
				CLANG_WARN_DOCUMENTATION_COMMENTS = YES;
				CLANG_WARN_EMPTY_BODY = YES;
				CLANG_WARN_ENUM_CONVERSION = YES;
				CLANG_WARN_INFINITE_RECURSION = YES;
				CLANG_WARN_INT_CONVERSION = YES;
				CLANG_WARN_OBJC_ROOT_CLASS = YES_ERROR;
				CLANG_WARN_SUSPICIOUS_MOVE = YES;
				CLANG_WARN_UNREACHABLE_CODE = YES;
				CLANG_WARN__DUPLICATE_METHOD_MATCH = YES;
				CODE_SIGN_IDENTITY = "-";
				COPY_PHASE_STRIP = NO;
				DEBUG_INFORMATION_FORMAT = "dwarf-with-dsym";
				ENABLE_NS_ASSERTIONS = NO;
				ENABLE_STRICT_OBJC_MSGSEND = YES;
				GCC_C_LANGUAGE_STANDARD = gnu99;
				GCC_NO_COMMON_BLOCKS = YES;
				GCC_PREPROCESSOR_DEFINITIONS = XCODE;
				GCC_WARN_64_TO_32_BIT_CONVERSION = YES;
				GCC_WARN_ABOUT_RETURN_TYPE = YES_ERROR;
				GCC_WARN_UNDECLARED_SELECTOR = YES;
				GCC_WARN_UNINITIALIZED_AUTOS = YES_AGGRESSIVE;
				GCC_WARN_UNUSED_FUNCTION = YES;
				GCC_WARN_UNUSED_VARIABLE = YES;
				HEADER_SEARCH_PATHS = /usr/local/include;
				MACOSX_DEPLOYMENT_TARGET = 10.12;
				MTL_ENABLE_DEBUG_INFO = NO;
				SDKROOT = macosx;
			};
			name = Release;
		};
		A2FD95221EF48E99000F01FF /* Debug */ = {
			isa = XCBuildConfiguration;
			buildSettings = {
				PRODUCT_NAME = "$(TARGET_NAME)";
			};
			name = Debug;
		};
		A2FD95231EF48E99000F01FF /* Release */ = {
			isa = XCBuildConfiguration;
			buildSettings = {
				PRODUCT_NAME = "$(TARGET_NAME)";
			};
			name = Release;
		};
/* End XCBuildConfiguration section */

/* Begin XCConfigurationList section */
		A2FD95151EF48E99000F01FF /* Build configuration list for PBXProject "Papaya" */ = {
			isa = XCConfigurationList;
			buildConfigurations = (
				A2FD951F1EF48E99000F01FF /* Debug */,
				A2FD95201EF48E99000F01FF /* Release */,
			);
			defaultConfigurationIsVisible = 0;
			defaultConfigurationName = Release;
		};
		A2FD95211EF48E99000F01FF /* Build configuration list for PBXNativeTarget "Papaya" */ = {
			isa = XCConfigurationList;
			buildConfigurations = (
				A2FD95221EF48E99000F01FF /* Debug */,
				A2FD95231EF48E99000F01FF /* Release */,
			);
			defaultConfigurationIsVisible = 0;
			defaultConfigurationName = Release;
		};
/* End XCConfigurationList section */
	};
	rootObject = A2FD95121EF48E99000F01FF /* Project object */;
}
